{
  "pins" : [
    {
      "identity" : "swiftspeech",
      "kind" : "remoteSourceControl",
      "location" : "https://github.com/Cay-Zhang/SwiftSpeech",
      "state" : {
        "branch" : "master",
        "revision" : "6e41f289f5ccc1751ef5674972d46b48b326c4c6"
      }
    },
    {
      "identity" : "swiftui-mail-view",
      "kind" : "remoteSourceControl",
      "location" : "https://github.com/globulus/swiftui-mail-view",
      "state" : {
        "branch" : "main",
        "revision" : "dad1d289cb904d477f2fbabcca5ba82bfcfb2ea6"
      }
    }
  ],
  "version" : 2
}
